
Microsoft Visual Studio Solution File, Format Version 12.00
# Visual Studio 2012
Project("{FAE04EC0-301F-11D3-BF4B-00C04F79EFBC}") = "iPremium.Android", "iPremium.Android\iPremium.Android.csproj", "{C645792C-A4DD-43BD-9127-4B5E39668823}"
EndProject
Project("{FAE04EC0-301F-11D3-BF4B-00C04F79EFBC}") = "iPremium.iOS", "iPremium.iOS\iPremium.iOS.csproj", "{083FD698-DEA3-407F-A70A-360EAE0C9C6B}"
EndProject
Project("{FAE04EC0-301F-11D3-BF4B-00C04F79EFBC}") = "iPremium", "iPremium\iPremium.csproj", "{9F462C1D-0A9B-46FC-9438-D6F973E73712}"
EndProject
Global
	GlobalSection(SolutionConfigurationPlatforms) = preSolution
		Debug|Any CPU = Debug|Any CPU
		Release|Any CPU = Release|Any CPU
		Debug|iPhoneSimulator = Debug|iPhoneSimulator
		Release|iPhoneSimulator = Release|iPhoneSimulator
		Debug|iPhone = Debug|iPhone
		Release|iPhone = Release|iPhone
		Ad-Hoc|iPhone = Ad-Hoc|iPhone
		AppStore|iPhone = AppStore|iPhone
	EndGlobalSection
	GlobalSection(ProjectConfigurationPlatforms) = postSolution
		{C645792C-A4DD-43BD-9127-4B5E39668823}.Debug|Any CPU.ActiveCfg = Debug|Any CPU
		{C645792C-A4DD-43BD-9127-4B5E39668823}.Debug|Any CPU.Build.0 = Debug|Any CPU
		{C645792C-A4DD-43BD-9127-4B5E39668823}.Release|Any CPU.ActiveCfg = Release|Any CPU
		{C645792C-A4DD-43BD-9127-4B5E39668823}.Release|Any CPU.Build.0 = Release|Any CPU
		{C645792C-A4DD-43BD-9127-4B5E39668823}.Debug|iPhoneSimulator.ActiveCfg = Debug|Any CPU
		{C645792C-A4DD-43BD-9127-4B5E39668823}.Debug|iPhoneSimulator.Build.0 = Debug|Any CPU
		{C645792C-A4DD-43BD-9127-4B5E39668823}.Release|iPhoneSimulator.ActiveCfg = Release|Any CPU
		{C645792C-A4DD-43BD-9127-4B5E39668823}.Release|iPhoneSimulator.Build.0 = Release|Any CPU
		{C645792C-A4DD-43BD-9127-4B5E39668823}.Debug|iPhone.ActiveCfg = Debug|Any CPU
		{C645792C-A4DD-43BD-9127-4B5E39668823}.Debug|iPhone.Build.0 = Debug|Any CPU
		{C645792C-A4DD-43BD-9127-4B5E39668823}.Release|iPhone.ActiveCfg = Release|Any CPU
		{C645792C-A4DD-43BD-9127-4B5E39668823}.Release|iPhone.Build.0 = Release|Any CPU
		{C645792C-A4DD-43BD-9127-4B5E39668823}.Ad-Hoc|iPhone.ActiveCfg = Debug|Any CPU
		{C645792C-A4DD-43BD-9127-4B5E39668823}.Ad-Hoc|iPhone.Build.0 = Debug|Any CPU
		{C645792C-A4DD-43BD-9127-4B5E39668823}.AppStore|iPhone.ActiveCfg = Debug|Any CPU
		{C645792C-A4DD-43BD-9127-4B5E39668823}.AppStore|iPhone.Build.0 = Debug|Any CPU
		{083FD698-DEA3-407F-A70A-360EAE0C9C6B}.Debug|Any CPU.ActiveCfg = Debug|iPhoneSimulator
		{083FD698-DEA3-407F-A70A-360EAE0C9C6B}.Debug|Any CPU.Build.0 = Debug|iPhoneSimulator
		{083FD698-DEA3-407F-A70A-360EAE0C9C6B}.Release|Any CPU.ActiveCfg = Release|iPhoneSimulator
		{083FD698-DEA3-407F-A70A-360EAE0C9C6B}.Release|Any CPU.Build.0 = Release|iPhoneSimulator
		{083FD698-DEA3-407F-A70A-360EAE0C9C6B}.Debug|iPhoneSimulator.ActiveCfg = Debug|iPhoneSimulator
		{083FD698-DEA3-407F-A70A-360EAE0C9C6B}.Debug|iPhoneSimulator.Build.0 = Debug|iPhoneSimulator
		{083FD698-DEA3-407F-A70A-360EAE0C9C6B}.Release|iPhoneSimulator.ActiveCfg = Release|iPhoneSimulator
		{083FD698-DEA3-407F-A70A-360EAE0C9C6B}.Release|iPhoneSimulator.Build.0 = Release|iPhoneSimulator
		{083FD698-DEA3-407F-A70A-360EAE0C9C6B}.Debug|iPhone.ActiveCfg = Debug|iPhone
		{083FD698-DEA3-407F-A70A-360EAE0C9C6B}.Debug|iPhone.Build.0 = Debug|iPhone
		{083FD698-DEA3-407F-A70A-360EAE0C9C6B}.Release|iPhone.ActiveCfg = Release|iPhone
		{083FD698-DEA3-407F-A70A-360EAE0C9C6B}.Release|iPhone.Build.0 = Release|iPhone
		{083FD698-DEA3-407F-A70A-360EAE0C9C6B}.Ad-Hoc|iPhone.ActiveCfg = Ad-Hoc|iPhone
		{083FD698-DEA3-407F-A70A-360EAE0C9C6B}.Ad-Hoc|iPhone.Build.0 = Ad-Hoc|iPhone
		{083FD698-DEA3-407F-A70A-360EAE0C9C6B}.AppStore|iPhone.ActiveCfg = AppStore|iPhone
		{083FD698-DEA3-407F-A70A-360EAE0C9C6B}.AppStore|iPhone.Build.0 = AppStore|iPhone
		{9F462C1D-0A9B-46FC-9438-D6F973E73712}.Debug|Any CPU.ActiveCfg = Debug|Any CPU
		{9F462C1D-0A9B-46FC-9438-D6F973E73712}.Debug|Any CPU.Build.0 = Debug|Any CPU
		{9F462C1D-0A9B-46FC-9438-D6F973E73712}.Release|Any CPU.ActiveCfg = Release|Any CPU
		{9F462C1D-0A9B-46FC-9438-D6F973E73712}.Release|Any CPU.Build.0 = Release|Any CPU
		{9F462C1D-0A9B-46FC-9438-D6F973E73712}.Debug|iPhoneSimulator.ActiveCfg = Debug|Any CPU
		{9F462C1D-0A9B-46FC-9438-D6F973E73712}.Debug|iPhoneSimulator.Build.0 = Debug|Any CPU
		{9F462C1D-0A9B-46FC-9438-D6F973E73712}.Release|iPhoneSimulator.ActiveCfg = Release|Any CPU
		{9F462C1D-0A9B-46FC-9438-D6F973E73712}.Release|iPhoneSimulator.Build.0 = Release|Any CPU
		{9F462C1D-0A9B-46FC-9438-D6F973E73712}.Debug|iPhone.ActiveCfg = Debug|Any CPU
		{9F462C1D-0A9B-46FC-9438-D6F973E73712}.Debug|iPhone.Build.0 = Debug|Any CPU
		{9F462C1D-0A9B-46FC-9438-D6F973E73712}.Release|iPhone.ActiveCfg = Release|Any CPU
		{9F462C1D-0A9B-46FC-9438-D6F973E73712}.Release|iPhone.Build.0 = Release|Any CPU
		{9F462C1D-0A9B-46FC-9438-D6F973E73712}.Ad-Hoc|iPhone.ActiveCfg = Debug|Any CPU
		{9F462C1D-0A9B-46FC-9438-D6F973E73712}.Ad-Hoc|iPhone.Build.0 = Debug|Any CPU
		{9F462C1D-0A9B-46FC-9438-D6F973E73712}.AppStore|iPhone.ActiveCfg = Debug|Any CPU
		{9F462C1D-0A9B-46FC-9438-D6F973E73712}.AppStore|iPhone.Build.0 = Debug|Any CPU
	EndGlobalSection
EndGlobal
