Microsoft Visual Studio Solution File, Format Version 12.00
# Visual Studio 15
VisualStudioVersion = 15.0.27703.2026
MinimumVisualStudioVersion = 10.0.40219.1
Project("{FAE04EC0-301F-11D3-BF4B-00C04F79EFBC}") = "iPremium.Android", "iPremium.Android\iPremium.Android.csproj", "{C645792C-A4DD-43BD-9127-4B5E39668823}"
EndProject
Project("{FAE04EC0-301F-11D3-BF4B-00C04F79EFBC}") = "iPremium.iOS", "iPremium.iOS\iPremium.iOS.csproj", "{083FD698-DEA3-407F-A70A-360EAE0C9C6B}"
EndProject
Project("{9A19103F-16F7-4668-BE54-9A1E7A4F7556}") = "iPremium", "iPremium\iPremium.csproj", "{9F462C1D-0A9B-46FC-9438-D6F973E73712}"
EndProject
Global
	GlobalSection(SolutionConfigurationPlatforms) = preSolution
		Ad-Hoc|Any CPU = Ad-Hoc|Any CPU
		Ad-Hoc|iPhone = Ad-Hoc|iPhone
		Ad-Hoc|iPhoneSimulator = Ad-Hoc|iPhoneSimulator
		AppStore|Any CPU = AppStore|Any CPU
		AppStore|iPhone = AppStore|iPhone
		AppStore|iPhoneSimulator = AppStore|iPhoneSimulator
		Debug|Any CPU = Debug|Any CPU
		Debug|iPhone = Debug|iPhone
		Debug|iPhoneSimulator = Debug|iPhoneSimulator
		Release|Any CPU = Release|Any CPU
		Release|iPhone = Release|iPhone
		Release|iPhoneSimulator = Release|iPhoneSimulator
	EndGlobalSection
	GlobalSection(ProjectConfigurationPlatforms) = postSolution
		{C645792C-A4DD-43BD-9127-4B5E39668823}.Ad-Hoc|Any CPU.ActiveCfg = Release|Any CPU
		{C645792C-A4DD-43BD-9127-4B5E39668823}.Ad-Hoc|Any CPU.Build.0 = Release|Any CPU
		{C645792C-A4DD-43BD-9127-4B5E39668823}.Ad-Hoc|Any CPU.Deploy.0 = Release|Any CPU
		{C645792C-A4DD-43BD-9127-4B5E39668823}.Ad-Hoc|iPhone.ActiveCfg = Debug|Any CPU
		{C645792C-A4DD-43BD-9127-4B5E39668823}.Ad-Hoc|iPhone.Build.0 = Debug|Any CPU
		{C645792C-A4DD-43BD-9127-4B5E39668823}.Ad-Hoc|iPhoneSimulator.ActiveCfg = Release|Any CPU
		{C645792C-A4DD-43BD-9127-4B5E39668823}.Ad-Hoc|iPhoneSimulator.Build.0 = Release|Any CPU
		{C645792C-A4DD-43BD-9127-4B5E39668823}.Ad-Hoc|iPhoneSimulator.Deploy.0 = Release|Any CPU
		{C645792C-A4DD-43BD-9127-4B5E39668823}.AppStore|Any CPU.ActiveCfg = Release|Any CPU
		{C645792C-A4DD-43BD-9127-4B5E39668823}.AppStore|Any CPU.Build.0 = Release|Any CPU
		{C645792C-A4DD-43BD-9127-4B5E39668823}.AppStore|Any CPU.Deploy.0 = Release|Any CPU
		{C645792C-A4DD-43BD-9127-4B5E39668823}.AppStore|iPhone.ActiveCfg = Debug|Any CPU
		{C645792C-A4DD-43BD-9127-4B5E39668823}.AppStore|iPhone.Build.0 = Debug|Any CPU
		{C645792C-A4DD-43BD-9127-4B5E39668823}.AppStore|iPhoneSimulator.ActiveCfg = Release|Any CPU
		{C645792C-A4DD-43BD-9127-4B5E39668823}.AppStore|iPhoneSimulator.Build.0 = Release|Any CPU
		{C645792C-A4DD-43BD-9127-4B5E39668823}.AppStore|iPhoneSimulator.Deploy.0 = Release|Any CPU
		{C645792C-A4DD-43BD-9127-4B5E39668823}.Debug|Any CPU.ActiveCfg = Debug|Any CPU
		{C645792C-A4DD-43BD-9127-4B5E39668823}.Debug|Any CPU.Build.0 = Debug|Any CPU
		{C645792C-A4DD-43BD-9127-4B5E39668823}.Debug|iPhone.ActiveCfg = Debug|Any CPU
		{C645792C-A4DD-43BD-9127-4B5E39668823}.Debug|iPhone.Build.0 = Debug|Any CPU
		{C645792C-A4DD-43BD-9127-4B5E39668823}.Debug|iPhoneSimulator.ActiveCfg = Debug|Any CPU
		{C645792C-A4DD-43BD-9127-4B5E39668823}.Debug|iPhoneSimulator.Build.0 = Debug|Any CPU
		{C645792C-A4DD-43BD-9127-4B5E39668823}.Release|Any CPU.ActiveCfg = Release|Any CPU
		{C645792C-A4DD-43BD-9127-4B5E39668823}.Release|Any CPU.Build.0 = Release|Any CPU
		{C645792C-A4DD-43BD-9127-4B5E39668823}.Release|iPhone.ActiveCfg = Release|Any CPU
		{C645792C-A4DD-43BD-9127-4B5E39668823}.Release|iPhone.Build.0 = Release|Any CPU
		{C645792C-A4DD-43BD-9127-4B5E39668823}.Release|iPhoneSimulator.ActiveCfg = Release|Any CPU
		{C645792C-A4DD-43BD-9127-4B5E39668823}.Release|iPhoneSimulator.Build.0 = Release|Any CPU
		{083FD698-DEA3-407F-A70A-360EAE0C9C6B}.Ad-Hoc|Any CPU.ActiveCfg = Ad-Hoc|iPhoneSimulator
		{083FD698-DEA3-407F-A70A-360EAE0C9C6B}.Ad-Hoc|iPhone.ActiveCfg = Ad-Hoc|iPhone
		{083FD698-DEA3-407F-A70A-360EAE0C9C6B}.Ad-Hoc|iPhone.Build.0 = Ad-Hoc|iPhone
		{083FD698-DEA3-407F-A70A-360EAE0C9C6B}.Ad-Hoc|iPhoneSimulator.ActiveCfg = Ad-Hoc|iPhoneSimulator
		{083FD698-DEA3-407F-A70A-360EAE0C9C6B}.Ad-Hoc|iPhoneSimulator.Build.0 = Ad-Hoc|iPhoneSimulator
		{083FD698-DEA3-407F-A70A-360EAE0C9C6B}.AppStore|Any CPU.ActiveCfg = AppStore|iPhoneSimulator
		{083FD698-DEA3-407F-A70A-360EAE0C9C6B}.AppStore|iPhone.ActiveCfg = AppStore|iPhone
		{083FD698-DEA3-407F-A70A-360EAE0C9C6B}.AppStore|iPhone.Build.0 = AppStore|iPhone
		{083FD698-DEA3-407F-A70A-360EAE0C9C6B}.AppStore|iPhoneSimulator.ActiveCfg = AppStore|iPhoneSimulator
		{083FD698-DEA3-407F-A70A-360EAE0C9C6B}.AppStore|iPhoneSimulator.Build.0 = AppStore|iPhoneSimulator
		{083FD698-DEA3-407F-A70A-360EAE0C9C6B}.Debug|Any CPU.ActiveCfg = Debug|iPhoneSimulator
		{083FD698-DEA3-407F-A70A-360EAE0C9C6B}.Debug|Any CPU.Build.0 = Debug|iPhoneSimulator
		{083FD698-DEA3-407F-A70A-360EAE0C9C6B}.Debug|iPhone.ActiveCfg = Debug|iPhone
		{083FD698-DEA3-407F-A70A-360EAE0C9C6B}.Debug|iPhone.Build.0 = Debug|iPhone
		{083FD698-DEA3-407F-A70A-360EAE0C9C6B}.Debug|iPhoneSimulator.ActiveCfg = Debug|iPhoneSimulator
		{083FD698-DEA3-407F-A70A-360EAE0C9C6B}.Debug|iPhoneSimulator.Build.0 = Debug|iPhoneSimulator
		{083FD698-DEA3-407F-A70A-360EAE0C9C6B}.Release|Any CPU.ActiveCfg = Release|iPhoneSimulator
		{083FD698-DEA3-407F-A70A-360EAE0C9C6B}.Release|Any CPU.Build.0 = Release|iPhoneSimulator
		{083FD698-DEA3-407F-A70A-360EAE0C9C6B}.Release|iPhone.ActiveCfg = Release|iPhone
		{083FD698-DEA3-407F-A70A-360EAE0C9C6B}.Release|iPhone.Build.0 = Release|iPhone
		{083FD698-DEA3-407F-A70A-360EAE0C9C6B}.Release|iPhoneSimulator.ActiveCfg = Release|iPhoneSimulator
		{083FD698-DEA3-407F-A70A-360EAE0C9C6B}.Release|iPhoneSimulator.Build.0 = Release|iPhoneSimulator
		{9F462C1D-0A9B-46FC-9438-D6F973E73712}.Ad-Hoc|Any CPU.ActiveCfg = Release|Any CPU
		{9F462C1D-0A9B-46FC-9438-D6F973E73712}.Ad-Hoc|Any CPU.Build.0 = Release|Any CPU
		{9F462C1D-0A9B-46FC-9438-D6F973E73712}.Ad-Hoc|iPhone.ActiveCfg = Debug|Any CPU
		{9F462C1D-0A9B-46FC-9438-D6F973E73712}.Ad-Hoc|iPhone.Build.0 = Debug|Any CPU
		{9F462C1D-0A9B-46FC-9438-D6F973E73712}.Ad-Hoc|iPhoneSimulator.ActiveCfg = Release|Any CPU
		{9F462C1D-0A9B-46FC-9438-D6F973E73712}.Ad-Hoc|iPhoneSimulator.Build.0 = Release|Any CPU
		{9F462C1D-0A9B-46FC-9438-D6F973E73712}.AppStore|Any CPU.ActiveCfg = Release|Any CPU
		{9F462C1D-0A9B-46FC-9438-D6F973E73712}.AppStore|Any CPU.Build.0 = Release|Any CPU
		{9F462C1D-0A9B-46FC-9438-D6F973E73712}.AppStore|iPhone.ActiveCfg = Debug|Any CPU
		{9F462C1D-0A9B-46FC-9438-D6F973E73712}.AppStore|iPhone.Build.0 = Debug|Any CPU
		{9F462C1D-0A9B-46FC-9438-D6F973E73712}.AppStore|iPhoneSimulator.ActiveCfg = Release|Any CPU
		{9F462C1D-0A9B-46FC-9438-D6F973E73712}.AppStore|iPhoneSimulator.Build.0 = Release|Any CPU
		{9F462C1D-0A9B-46FC-9438-D6F973E73712}.Debug|Any CPU.ActiveCfg = Debug|Any CPU
		{9F462C1D-0A9B-46FC-9438-D6F973E73712}.Debug|Any CPU.Build.0 = Debug|Any CPU
		{9F462C1D-0A9B-46FC-9438-D6F973E73712}.Debug|iPhone.ActiveCfg = Debug|Any CPU
		{9F462C1D-0A9B-46FC-9438-D6F973E73712}.Debug|iPhone.Build.0 = Debug|Any CPU
		{9F462C1D-0A9B-46FC-9438-D6F973E73712}.Debug|iPhoneSimulator.ActiveCfg = Debug|Any CPU
		{9F462C1D-0A9B-46FC-9438-D6F973E73712}.Debug|iPhoneSimulator.Build.0 = Debug|Any CPU
		{9F462C1D-0A9B-46FC-9438-D6F973E73712}.Release|Any CPU.ActiveCfg = Release|Any CPU
		{9F462C1D-0A9B-46FC-9438-D6F973E73712}.Release|Any CPU.Build.0 = Release|Any CPU
		{9F462C1D-0A9B-46FC-9438-D6F973E73712}.Release|iPhone.ActiveCfg = Release|Any CPU
		{9F462C1D-0A9B-46FC-9438-D6F973E73712}.Release|iPhone.Build.0 = Release|Any CPU
		{9F462C1D-0A9B-46FC-9438-D6F973E73712}.Release|iPhoneSimulator.ActiveCfg = Release|Any CPU
		{9F462C1D-0A9B-46FC-9438-D6F973E73712}.Release|iPhoneSimulator.Build.0 = Release|Any CPU
	EndGlobalSection
	GlobalSection(SolutionProperties) = preSolution
		HideSolutionNode = FALSE
	EndGlobalSection
	GlobalSection(ExtensibilityGlobals) = postSolution
		SolutionGuid = {D45D9488-87A1-401C-94A2-14A4EA8FECA3}
	EndGlobalSection
EndGlobal
